
Microsoft Visual Studio Solution File, Format Version 12.00
# Visual Studio Version 16
VisualStudioVersion = 16.0.34301.259
MinimumVisualStudioVersion = 10.0.40219.1
Project("{FAE04EC0-301F-11D3-BF4B-00C04F79EFBC}") = "WebTH", "WebTH\WebTH.csproj", "{D12B988B-FD2E-4268-86D1-0C9AD040AADF}"
EndProject
Global
	GlobalSection(SolutionConfigurationPlatforms) = preSolution
		Debug|Any CPU = Debug|Any CPU
		Release|Any CPU = Release|Any CPU
	EndGlobalSection
	GlobalSection(ProjectConfigurationPlatforms) = postSolution
		{D12B988B-FD2E-4268-86D1-0C9AD040AADF}.Debug|Any CPU.ActiveCfg = Debug|Any CPU
		{D12B988B-FD2E-4268-86D1-0C9AD040AADF}.Debug|Any CPU.Build.0 = Debug|Any CPU
		{D12B988B-FD2E-4268-86D1-0C9AD040AADF}.Release|Any CPU.ActiveCfg = Release|Any CPU
		{D12B988B-FD2E-4268-86D1-0C9AD040AADF}.Release|Any CPU.Build.0 = Release|Any CPU
	EndGlobalSection
	GlobalSection(SolutionProperties) = preSolution
		HideSolutionNode = FALSE
	EndGlobalSection
	GlobalSection(ExtensibilityGlobals) = postSolution
		SolutionGuid = {CC6B73E8-96E6-494D-828E-1A59A843BEF5}
	EndGlobalSection
EndGlobal
